// !$*UTF8*$!
{
	archiveVersion = 1;
	classes = {
	};
	objectVersion = 46;
	objects = {

/* Begin PBXBuildFile section */
		8838111F1E16015400F251B2 /* Alamofire.framework in Frameworks */ = {isa = PBXBuildFile; fileRef = 88F0D0BE1E15FAC400DC8D54 /* Alamofire.framework */; };
		883811201E16015400F251B2 /* Alamofire.framework in Embed Frameworks */ = {isa = PBXBuildFile; fileRef = 88F0D0BE1E15FAC400DC8D54 /* Alamofire.framework */; settings = {ATTRIBUTES = (CodeSignOnCopy, RemoveHeadersOnCopy, ); }; };
		88C144B41E1590550076DB29 /* AppDelegate.swift in Sources */ = {isa = PBXBuildFile; fileRef = 88C144B31E1590550076DB29 /* AppDelegate.swift */; };
		88C144B91E1590550076DB29 /* Main.storyboard in Resources */ = {isa = PBXBuildFile; fileRef = 88C144B71E1590550076DB29 /* Main.storyboard */; };
		88C144BB1E1590550076DB29 /* Assets.xcassets in Resources */ = {isa = PBXBuildFile; fileRef = 88C144BA1E1590550076DB29 /* Assets.xcassets */; };
		88C144BE1E1590550076DB29 /* LaunchScreen.storyboard in Resources */ = {isa = PBXBuildFile; fileRef = 88C144BC1E1590550076DB29 /* LaunchScreen.storyboard */; };
		88C144C81E15A2290076DB29 /* LoginViewController.swift in Sources */ = {isa = PBXBuildFile; fileRef = 88C144C71E15A2290076DB29 /* LoginViewController.swift */; };
		88F0D0801E15E76E00DC8D54 /* Ultra.ttf in Resources */ = {isa = PBXBuildFile; fileRef = 88C144C61E159ED40076DB29 /* Ultra.ttf */; };
		88F0D0841E15F04300DC8D54 /* Util.swift in Sources */ = {isa = PBXBuildFile; fileRef = 88F0D0831E15F04300DC8D54 /* Util.swift */; };
		88F0D0861E15F08200DC8D54 /* RecoverViewController.swift in Sources */ = {isa = PBXBuildFile; fileRef = 88F0D0851E15F08200DC8D54 /* RecoverViewController.swift */; };
/* End PBXBuildFile section */

/* Begin PBXContainerItemProxy section */
		883811211E16015400F251B2 /* PBXContainerItemProxy */ = {
			isa = PBXContainerItemProxy;
			containerPortal = 88F0D0B21E15FAC400DC8D54 /* Alamofire.xcodeproj */;
			proxyType = 1;
			remoteGlobalIDString = F8111E3219A95C8B0040E7D1;
			remoteInfo = "Alamofire iOS";
		};
		88F0D0BD1E15FAC400DC8D54 /* PBXContainerItemProxy */ = {
			isa = PBXContainerItemProxy;
			containerPortal = 88F0D0B21E15FAC400DC8D54 /* Alamofire.xcodeproj */;
			proxyType = 2;
			remoteGlobalIDString = F8111E3319A95C8B0040E7D1;
			remoteInfo = "Alamofire iOS";
		};
		88F0D0BF1E15FAC400DC8D54 /* PBXContainerItemProxy */ = {
			isa = PBXContainerItemProxy;
			containerPortal = 88F0D0B21E15FAC400DC8D54 /* Alamofire.xcodeproj */;
			proxyType = 2;
			remoteGlobalIDString = F8111E3E19A95C8B0040E7D1;
			remoteInfo = "Alamofire iOS Tests";
		};
		88F0D0C11E15FAC400DC8D54 /* PBXContainerItemProxy */ = {
			isa = PBXContainerItemProxy;
			containerPortal = 88F0D0B21E15FAC400DC8D54 /* Alamofire.xcodeproj */;
			proxyType = 2;
			remoteGlobalIDString = 4DD67C0B1A5C55C900ED2280;
			remoteInfo = "Alamofire macOS";
		};
		88F0D0C31E15FAC400DC8D54 /* PBXContainerItemProxy */ = {
			isa = PBXContainerItemProxy;
			containerPortal = 88F0D0B21E15FAC400DC8D54 /* Alamofire.xcodeproj */;
			proxyType = 2;
			remoteGlobalIDString = F829C6B21A7A94F100A2CD59;
			remoteInfo = "Alamofire macOS Tests";
		};
		88F0D0C51E15FAC400DC8D54 /* PBXContainerItemProxy */ = {
			isa = PBXContainerItemProxy;
			containerPortal = 88F0D0B21E15FAC400DC8D54 /* Alamofire.xcodeproj */;
			proxyType = 2;
			remoteGlobalIDString = 4CF626EF1BA7CB3E0011A099;
			remoteInfo = "Alamofire tvOS";
		};
		88F0D0C71E15FAC400DC8D54 /* PBXContainerItemProxy */ = {
			isa = PBXContainerItemProxy;
			containerPortal = 88F0D0B21E15FAC400DC8D54 /* Alamofire.xcodeproj */;
			proxyType = 2;
			remoteGlobalIDString = 4CF626F81BA7CB3E0011A099;
			remoteInfo = "Alamofire tvOS Tests";
		};
		88F0D0C91E15FAC400DC8D54 /* PBXContainerItemProxy */ = {
			isa = PBXContainerItemProxy;
			containerPortal = 88F0D0B21E15FAC400DC8D54 /* Alamofire.xcodeproj */;
			proxyType = 2;
			remoteGlobalIDString = E4202FE01B667AA100C997FB;
			remoteInfo = "Alamofire watchOS";
		};
/* End PBXContainerItemProxy section */

/* Begin PBXCopyFilesBuildPhase section */
		883811231E16015400F251B2 /* Embed Frameworks */ = {
			isa = PBXCopyFilesBuildPhase;
			buildActionMask = 2147483647;
			dstPath = "";
			dstSubfolderSpec = 10;
			files = (
				883811201E16015400F251B2 /* Alamofire.framework in Embed Frameworks */,
			);
			name = "Embed Frameworks";
			runOnlyForDeploymentPostprocessing = 0;
		};
/* End PBXCopyFilesBuildPhase section */

/* Begin PBXFileReference section */
		8838110E1E16008C00F251B2 /* FBSDKCoreKit.framework */ = {isa = PBXFileReference; lastKnownFileType = wrapper.framework; name = FBSDKCoreKit.framework; path = "facebook-sdk-swift/Carthage/Checkouts/facebook-ios-sdk/FBSDKCoreKit/build/Debug-iphoneos/FBSDKCoreKit.framework"; sourceTree = "<group>"; };
		883811101E1600A300F251B2 /* FBSDKLoginKit.framework */ = {isa = PBXFileReference; lastKnownFileType = wrapper.framework; name = FBSDKLoginKit.framework; path = "facebook-sdk-swift/Carthage/Checkouts/facebook-ios-sdk/FBSDKLoginKit/build/Debug-iphoneos/FBSDKLoginKit.framework"; sourceTree = "<group>"; };
		883811121E1600AB00F251B2 /* FBSDKShareKit.framework */ = {isa = PBXFileReference; lastKnownFileType = wrapper.framework; name = FBSDKShareKit.framework; path = "facebook-sdk-swift/Carthage/Checkouts/facebook-ios-sdk/FBSDKShareKit/build/Debug-iphoneos/FBSDKShareKit.framework"; sourceTree = "<group>"; };
		883811141E1600B300F251B2 /* Bolts.framework */ = {isa = PBXFileReference; lastKnownFileType = wrapper.framework; name = Bolts.framework; path = "facebook-sdk-swift/Carthage/Checkouts/facebook-ios-sdk/Bolts-IOS/build/Debug-appletvos/Bolts.framework"; sourceTree = "<group>"; };
		88C144B01E1590550076DB29 /* Texas Ribs LoneStarClub.app */ = {isa = PBXFileReference; explicitFileType = wrapper.application; includeInIndex = 0; path = "Texas Ribs LoneStarClub.app"; sourceTree = BUILT_PRODUCTS_DIR; };
		88C144B31E1590550076DB29 /* AppDelegate.swift */ = {isa = PBXFileReference; lastKnownFileType = sourcecode.swift; path = AppDelegate.swift; sourceTree = "<group>"; };
		88C144B81E1590550076DB29 /* Base */ = {isa = PBXFileReference; lastKnownFileType = file.storyboard; name = Base; path = Base.lproj/Main.storyboard; sourceTree = "<group>"; };
		88C144BA1E1590550076DB29 /* Assets.xcassets */ = {isa = PBXFileReference; lastKnownFileType = folder.assetcatalog; path = Assets.xcassets; sourceTree = "<group>"; };
		88C144BD1E1590550076DB29 /* Base */ = {isa = PBXFileReference; lastKnownFileType = file.storyboard; name = Base; path = Base.lproj/LaunchScreen.storyboard; sourceTree = "<group>"; };
		88C144BF1E1590550076DB29 /* Info.plist */ = {isa = PBXFileReference; lastKnownFileType = text.plist.xml; path = Info.plist; sourceTree = "<group>"; };
		88C144C61E159ED40076DB29 /* Ultra.ttf */ = {isa = PBXFileReference; lastKnownFileType = file; path = Ultra.ttf; sourceTree = "<group>"; };
		88C144C71E15A2290076DB29 /* LoginViewController.swift */ = {isa = PBXFileReference; fileEncoding = 4; lastKnownFileType = sourcecode.swift; path = LoginViewController.swift; sourceTree = "<group>"; };
		88F0D0831E15F04300DC8D54 /* Util.swift */ = {isa = PBXFileReference; fileEncoding = 4; lastKnownFileType = sourcecode.swift; path = Util.swift; sourceTree = "<group>"; };
		88F0D0851E15F08200DC8D54 /* RecoverViewController.swift */ = {isa = PBXFileReference; fileEncoding = 4; lastKnownFileType = sourcecode.swift; name = RecoverViewController.swift; path = ../RecoverViewController.swift; sourceTree = "<group>"; };
		88F0D0B21E15FAC400DC8D54 /* Alamofire.xcodeproj */ = {isa = PBXFileReference; lastKnownFileType = "wrapper.pb-project"; name = Alamofire.xcodeproj; path = Alamofire/Alamofire.xcodeproj; sourceTree = SOURCE_ROOT; };
/* End PBXFileReference section */

/* Begin PBXFrameworksBuildPhase section */
		88C144AD1E1590550076DB29 /* Frameworks */ = {
			isa = PBXFrameworksBuildPhase;
			buildActionMask = 2147483647;
			files = (
				8838111F1E16015400F251B2 /* Alamofire.framework in Frameworks */,
			);
			runOnlyForDeploymentPostprocessing = 0;
		};
/* End PBXFrameworksBuildPhase section */

/* Begin PBXGroup section */
		8838110D1E16008900F251B2 /* Frameworks */ = {
			isa = PBXGroup;
			children = (
				883811141E1600B300F251B2 /* Bolts.framework */,
				883811121E1600AB00F251B2 /* FBSDKShareKit.framework */,
				883811101E1600A300F251B2 /* FBSDKLoginKit.framework */,
				8838110E1E16008C00F251B2 /* FBSDKCoreKit.framework */,
			);
			name = Frameworks;
			sourceTree = "<group>";
		};
		88C144A71E1590550076DB29 = {
			isa = PBXGroup;
			children = (
				88C144B21E1590550076DB29 /* Texas Ribs LoneStarClub */,
				88C144B11E1590550076DB29 /* Products */,
				8838110D1E16008900F251B2 /* Frameworks */,
			);
			sourceTree = "<group>";
		};
		88C144B11E1590550076DB29 /* Products */ = {
			isa = PBXGroup;
			children = (
				88C144B01E1590550076DB29 /* Texas Ribs LoneStarClub.app */,
			);
			name = Products;
			sourceTree = "<group>";
		};
		88C144B21E1590550076DB29 /* Texas Ribs LoneStarClub */ = {
			isa = PBXGroup;
			children = (
				88F0D0CC1E15FAD600DC8D54 /* Framework */,
				88C144C51E159EC50076DB29 /* Fonts */,
				88C144B31E1590550076DB29 /* AppDelegate.swift */,
				88C144B71E1590550076DB29 /* Main.storyboard */,
				88C144BA1E1590550076DB29 /* Assets.xcassets */,
				88C144BC1E1590550076DB29 /* LaunchScreen.storyboard */,
				88C144BF1E1590550076DB29 /* Info.plist */,
				88F0D0831E15F04300DC8D54 /* Util.swift */,
				88C144C71E15A2290076DB29 /* LoginViewController.swift */,
				88F0D0851E15F08200DC8D54 /* RecoverViewController.swift */,
			);
			path = "Texas Ribs LoneStarClub";
			sourceTree = "<group>";
		};
		88C144C51E159EC50076DB29 /* Fonts */ = {
			isa = PBXGroup;
			children = (
				88C144C61E159ED40076DB29 /* Ultra.ttf */,
			);
			name = Fonts;
			sourceTree = "<group>";
		};
		88F0D0B31E15FAC400DC8D54 /* Products */ = {
			isa = PBXGroup;
			children = (
				88F0D0BE1E15FAC400DC8D54 /* Alamofire.framework */,
				88F0D0C01E15FAC400DC8D54 /* Alamofire iOS Tests.xctest */,
				88F0D0C21E15FAC400DC8D54 /* Alamofire.framework */,
				88F0D0C41E15FAC400DC8D54 /* Alamofire macOS Tests.xctest */,
				88F0D0C61E15FAC400DC8D54 /* Alamofire.framework */,
				88F0D0C81E15FAC400DC8D54 /* Alamofire tvOS Tests.xctest */,
				88F0D0CA1E15FAC400DC8D54 /* Alamofire.framework */,
			);
			name = Products;
			sourceTree = "<group>";
		};
		88F0D0CC1E15FAD600DC8D54 /* Framework */ = {
			isa = PBXGroup;
			children = (
				88F0D0B21E15FAC400DC8D54 /* Alamofire.xcodeproj */,
			);
			name = Framework;
			path = ../Alamofire;
			sourceTree = "<group>";
		};
/* End PBXGroup section */

/* Begin PBXNativeTarget section */
		88C144AF1E1590550076DB29 /* Texas Ribs LoneStarClub */ = {
			isa = PBXNativeTarget;
			buildConfigurationList = 88C144C21E1590550076DB29 /* Build configuration list for PBXNativeTarget "Texas Ribs LoneStarClub" */;
			buildPhases = (
				88C144AC1E1590550076DB29 /* Sources */,
				88C144AD1E1590550076DB29 /* Frameworks */,
				88C144AE1E1590550076DB29 /* Resources */,
				883811231E16015400F251B2 /* Embed Frameworks */,
			);
			buildRules = (
			);
			dependencies = (
				883811221E16015400F251B2 /* PBXTargetDependency */,
			);
			name = "Texas Ribs LoneStarClub";
			productName = "Texas Ribs LoneStarClub";
			productReference = 88C144B01E1590550076DB29 /* Texas Ribs LoneStarClub.app */;
			productType = "com.apple.product-type.application";
		};
/* End PBXNativeTarget section */

/* Begin PBXProject section */
		88C144A81E1590550076DB29 /* Project object */ = {
			isa = PBXProject;
			attributes = {
				LastSwiftUpdateCheck = 0800;
				LastUpgradeCheck = 0800;
				ORGANIZATIONNAME = "Texas Ribs";
				TargetAttributes = {
					88C144AF1E1590550076DB29 = {
						CreatedOnToolsVersion = 8.0;
						DevelopmentTeam = Z3B5JWCC22;
						ProvisioningStyle = Automatic;
					};
				};
			};
			buildConfigurationList = 88C144AB1E1590550076DB29 /* Build configuration list for PBXProject "Texas Ribs LoneStarClub" */;
			compatibilityVersion = "Xcode 3.2";
			developmentRegion = English;
			hasScannedForEncodings = 0;
			knownRegions = (
				en,
				Base,
			);
			mainGroup = 88C144A71E1590550076DB29;
			productRefGroup = 88C144B11E1590550076DB29 /* Products */;
			projectDirPath = "";
			projectReferences = (
				{
					ProductGroup = 88F0D0B31E15FAC400DC8D54 /* Products */;
					ProjectRef = 88F0D0B21E15FAC400DC8D54 /* Alamofire.xcodeproj */;
				},
			);
			projectRoot = "";
			targets = (
				88C144AF1E1590550076DB29 /* Texas Ribs LoneStarClub */,
			);
		};
/* End PBXProject section */

/* Begin PBXReferenceProxy section */
		88F0D0BE1E15FAC400DC8D54 /* Alamofire.framework */ = {
			isa = PBXReferenceProxy;
			fileType = wrapper.framework;
			path = Alamofire.framework;
			remoteRef = 88F0D0BD1E15FAC400DC8D54 /* PBXContainerItemProxy */;
			sourceTree = BUILT_PRODUCTS_DIR;
		};
		88F0D0C01E15FAC400DC8D54 /* Alamofire iOS Tests.xctest */ = {
			isa = PBXReferenceProxy;
			fileType = wrapper.cfbundle;
			path = "Alamofire iOS Tests.xctest";
			remoteRef = 88F0D0BF1E15FAC400DC8D54 /* PBXContainerItemProxy */;
			sourceTree = BUILT_PRODUCTS_DIR;
		};
		88F0D0C21E15FAC400DC8D54 /* Alamofire.framework */ = {
			isa = PBXReferenceProxy;
			fileType = wrapper.framework;
			path = Alamofire.framework;
			remoteRef = 88F0D0C11E15FAC400DC8D54 /* PBXContainerItemProxy */;
			sourceTree = BUILT_PRODUCTS_DIR;
		};
		88F0D0C41E15FAC400DC8D54 /* Alamofire macOS Tests.xctest */ = {
			isa = PBXReferenceProxy;
			fileType = wrapper.cfbundle;
			path = "Alamofire macOS Tests.xctest";
			remoteRef = 88F0D0C31E15FAC400DC8D54 /* PBXContainerItemProxy */;
			sourceTree = BUILT_PRODUCTS_DIR;
		};
		88F0D0C61E15FAC400DC8D54 /* Alamofire.framework */ = {
			isa = PBXReferenceProxy;
			fileType = wrapper.framework;
			path = Alamofire.framework;
			remoteRef = 88F0D0C51E15FAC400DC8D54 /* PBXContainerItemProxy */;
			sourceTree = BUILT_PRODUCTS_DIR;
		};
		88F0D0C81E15FAC400DC8D54 /* Alamofire tvOS Tests.xctest */ = {
			isa = PBXReferenceProxy;
			fileType = wrapper.cfbundle;
			path = "Alamofire tvOS Tests.xctest";
			remoteRef = 88F0D0C71E15FAC400DC8D54 /* PBXContainerItemProxy */;
			sourceTree = BUILT_PRODUCTS_DIR;
		};
		88F0D0CA1E15FAC400DC8D54 /* Alamofire.framework */ = {
			isa = PBXReferenceProxy;
			fileType = wrapper.framework;
			path = Alamofire.framework;
			remoteRef = 88F0D0C91E15FAC400DC8D54 /* PBXContainerItemProxy */;
			sourceTree = BUILT_PRODUCTS_DIR;
		};
/* End PBXReferenceProxy section */

/* Begin PBXResourcesBuildPhase section */
		88C144AE1E1590550076DB29 /* Resources */ = {
			isa = PBXResourcesBuildPhase;
			buildActionMask = 2147483647;
			files = (
				88C144BE1E1590550076DB29 /* LaunchScreen.storyboard in Resources */,
				88F0D0801E15E76E00DC8D54 /* Ultra.ttf in Resources */,
				88C144BB1E1590550076DB29 /* Assets.xcassets in Resources */,
				88C144B91E1590550076DB29 /* Main.storyboard in Resources */,
			);
			runOnlyForDeploymentPostprocessing = 0;
		};
/* End PBXResourcesBuildPhase section */

/* Begin PBXSourcesBuildPhase section */
		88C144AC1E1590550076DB29 /* Sources */ = {
			isa = PBXSourcesBuildPhase;
			buildActionMask = 2147483647;
			files = (
				88C144C81E15A2290076DB29 /* LoginViewController.swift in Sources */,
				88F0D0841E15F04300DC8D54 /* Util.swift in Sources */,
				88C144B41E1590550076DB29 /* AppDelegate.swift in Sources */,
				88F0D0861E15F08200DC8D54 /* RecoverViewController.swift in Sources */,
			);
			runOnlyForDeploymentPostprocessing = 0;
		};
/* End PBXSourcesBuildPhase section */

/* Begin PBXTargetDependency section */
		883811221E16015400F251B2 /* PBXTargetDependency */ = {
			isa = PBXTargetDependency;
			name = "Alamofire iOS";
			targetProxy = 883811211E16015400F251B2 /* PBXContainerItemProxy */;
		};
/* End PBXTargetDependency section */

/* Begin PBXVariantGroup section */
		88C144B71E1590550076DB29 /* Main.storyboard */ = {
			isa = PBXVariantGroup;
			children = (
				88C144B81E1590550076DB29 /* Base */,
			);
			name = Main.storyboard;
			sourceTree = "<group>";
		};
		88C144BC1E1590550076DB29 /* LaunchScreen.storyboard */ = {
			isa = PBXVariantGroup;
			children = (
				88C144BD1E1590550076DB29 /* Base */,
			);
			name = LaunchScreen.storyboard;
			sourceTree = "<group>";
		};
/* End PBXVariantGroup section */

/* Begin XCBuildConfiguration section */
		88C144C01E1590550076DB29 /* Debug */ = {
			isa = XCBuildConfiguration;
			buildSettings = {
				ALWAYS_SEARCH_USER_PATHS = NO;
				CLANG_ANALYZER_NONNULL = YES;
				CLANG_CXX_LANGUAGE_STANDARD = "gnu++0x";
				CLANG_CXX_LIBRARY = "libc++";
				CLANG_ENABLE_MODULES = YES;
				CLANG_ENABLE_OBJC_ARC = YES;
				CLANG_WARN_BOOL_CONVERSION = YES;
				CLANG_WARN_CONSTANT_CONVERSION = YES;
				CLANG_WARN_DIRECT_OBJC_ISA_USAGE = YES_ERROR;
				CLANG_WARN_DOCUMENTATION_COMMENTS = YES;
				CLANG_WARN_EMPTY_BODY = YES;
				CLANG_WARN_ENUM_CONVERSION = YES;
				CLANG_WARN_INFINITE_RECURSION = YES;
				CLANG_WARN_INT_CONVERSION = YES;
				CLANG_WARN_OBJC_ROOT_CLASS = YES_ERROR;
				CLANG_WARN_SUSPICIOUS_MOVES = YES;
				CLANG_WARN_UNREACHABLE_CODE = YES;
				CLANG_WARN__DUPLICATE_METHOD_MATCH = YES;
				"CODE_SIGN_IDENTITY[sdk=iphoneos*]" = "iPhone Developer";
				COPY_PHASE_STRIP = NO;
				DEBUG_INFORMATION_FORMAT = dwarf;
				ENABLE_STRICT_OBJC_MSGSEND = YES;
				ENABLE_TESTABILITY = YES;
				GCC_C_LANGUAGE_STANDARD = gnu99;
				GCC_DYNAMIC_NO_PIC = NO;
				GCC_NO_COMMON_BLOCKS = YES;
				GCC_OPTIMIZATION_LEVEL = 0;
				GCC_PREPROCESSOR_DEFINITIONS = (
					"DEBUG=1",
					"$(inherited)",
				);
				GCC_WARN_64_TO_32_BIT_CONVERSION = YES;
				GCC_WARN_ABOUT_RETURN_TYPE = YES_ERROR;
				GCC_WARN_UNDECLARED_SELECTOR = YES;
				GCC_WARN_UNINITIALIZED_AUTOS = YES_AGGRESSIVE;
				GCC_WARN_UNUSED_FUNCTION = YES;
				GCC_WARN_UNUSED_VARIABLE = YES;
				IPHONEOS_DEPLOYMENT_TARGET = 10.0;
				MTL_ENABLE_DEBUG_INFO = YES;
				ONLY_ACTIVE_ARCH = YES;
				SDKROOT = iphoneos;
				SWIFT_ACTIVE_COMPILATION_CONDITIONS = DEBUG;
				SWIFT_OPTIMIZATION_LEVEL = "-Onone";
			};
			name = Debug;
		};
		88C144C11E1590550076DB29 /* Release */ = {
			isa = XCBuildConfiguration;
			buildSettings = {
				ALWAYS_SEARCH_USER_PATHS = NO;
				CLANG_ANALYZER_NONNULL = YES;
				CLANG_CXX_LANGUAGE_STANDARD = "gnu++0x";
				CLANG_CXX_LIBRARY = "libc++";
				CLANG_ENABLE_MODULES = YES;
				CLANG_ENABLE_OBJC_ARC = YES;
				CLANG_WARN_BOOL_CONVERSION = YES;
				CLANG_WARN_CONSTANT_CONVERSION = YES;
				CLANG_WARN_DIRECT_OBJC_ISA_USAGE = YES_ERROR;
				CLANG_WARN_DOCUMENTATION_COMMENTS = YES;
				CLANG_WARN_EMPTY_BODY = YES;
				CLANG_WARN_ENUM_CONVERSION = YES;
				CLANG_WARN_INFINITE_RECURSION = YES;
				CLANG_WARN_INT_CONVERSION = YES;
				CLANG_WARN_OBJC_ROOT_CLASS = YES_ERROR;
				CLANG_WARN_SUSPICIOUS_MOVES = YES;
				CLANG_WARN_UNREACHABLE_CODE = YES;
				CLANG_WARN__DUPLICATE_METHOD_MATCH = YES;
				"CODE_SIGN_IDENTITY[sdk=iphoneos*]" = "iPhone Developer";
				COPY_PHASE_STRIP = NO;
				DEBUG_INFORMATION_FORMAT = "dwarf-with-dsym";
				ENABLE_NS_ASSERTIONS = NO;
				ENABLE_STRICT_OBJC_MSGSEND = YES;
				GCC_C_LANGUAGE_STANDARD = gnu99;
				GCC_NO_COMMON_BLOCKS = YES;
				GCC_WARN_64_TO_32_BIT_CONVERSION = YES;
				GCC_WARN_ABOUT_RETURN_TYPE = YES_ERROR;
				GCC_WARN_UNDECLARED_SELECTOR = YES;
				GCC_WARN_UNINITIALIZED_AUTOS = YES_AGGRESSIVE;
				GCC_WARN_UNUSED_FUNCTION = YES;
				GCC_WARN_UNUSED_VARIABLE = YES;
				IPHONEOS_DEPLOYMENT_TARGET = 10.0;
				MTL_ENABLE_DEBUG_INFO = NO;
				SDKROOT = iphoneos;
				SWIFT_OPTIMIZATION_LEVEL = "-Owholemodule";
				VALIDATE_PRODUCT = YES;
			};
			name = Release;
		};
		88C144C31E1590550076DB29 /* Debug */ = {
			isa = XCBuildConfiguration;
			buildSettings = {
				ALWAYS_EMBED_SWIFT_STANDARD_LIBRARIES = YES;
				ASSETCATALOG_COMPILER_APPICON_NAME = AppIcon;
				DEVELOPMENT_TEAM = Z3B5JWCC22;
				FRAMEWORK_SEARCH_PATHS = (
					"$(inherited)",
					"$(PROJECT_DIR)/facebook-sdk-swift/Carthage/Checkouts/facebook-ios-sdk/FBSDKCoreKit/build/Debug-iphoneos",
					"$(PROJECT_DIR)/facebook-sdk-swift/Carthage/Checkouts/facebook-ios-sdk/FBSDKLoginKit/build/Debug-iphoneos",
					"$(PROJECT_DIR)/facebook-sdk-swift/Carthage/Checkouts/facebook-ios-sdk/FBSDKShareKit/build/Debug-iphoneos",
					"$(PROJECT_DIR)/facebook-sdk-swift/Carthage/Checkouts/facebook-ios-sdk/Bolts-IOS/build/Debug-appletvos",
				);
				INFOPLIST_FILE = "Texas Ribs LoneStarClub/Info.plist";
				LD_RUNPATH_SEARCH_PATHS = "$(inherited) @executable_path/Frameworks";
				PRODUCT_BUNDLE_IDENTIFIER = "com.texasribs.Texas-Ribs-LoneStarClub";
				PRODUCT_NAME = "$(TARGET_NAME)";
				SWIFT_VERSION = 3.0;
			};
			name = Debug;
		};
		88C144C41E1590550076DB29 /* Release */ = {
			isa = XCBuildConfiguration;
			buildSettings = {
				ALWAYS_EMBED_SWIFT_STANDARD_LIBRARIES = YES;
				ASSETCATALOG_COMPILER_APPICON_NAME = AppIcon;
				DEVELOPMENT_TEAM = Z3B5JWCC22;
				FRAMEWORK_SEARCH_PATHS = (
					"$(inherited)",
					"$(PROJECT_DIR)/facebook-sdk-swift/Carthage/Checkouts/facebook-ios-sdk/FBSDKCoreKit/build/Debug-iphoneos",
					"$(PROJECT_DIR)/facebook-sdk-swift/Carthage/Checkouts/facebook-ios-sdk/FBSDKLoginKit/build/Debug-iphoneos",
					"$(PROJECT_DIR)/facebook-sdk-swift/Carthage/Checkouts/facebook-ios-sdk/FBSDKShareKit/build/Debug-iphoneos",
					"$(PROJECT_DIR)/facebook-sdk-swift/Carthage/Checkouts/facebook-ios-sdk/Bolts-IOS/build/Debug-appletvos",
				);
				INFOPLIST_FILE = "Texas Ribs LoneStarClub/Info.plist";
				LD_RUNPATH_SEARCH_PATHS = "$(inherited) @executable_path/Frameworks";
				PRODUCT_BUNDLE_IDENTIFIER = "com.texasribs.Texas-Ribs-LoneStarClub";
				PRODUCT_NAME = "$(TARGET_NAME)";
				SWIFT_VERSION = 3.0;
			};
			name = Release;
		};
/* End XCBuildConfiguration section */

/* Begin XCConfigurationList section */
		88C144AB1E1590550076DB29 /* Build configuration list for PBXProject "Texas Ribs LoneStarClub" */ = {
			isa = XCConfigurationList;
			buildConfigurations = (
				88C144C01E1590550076DB29 /* Debug */,
				88C144C11E1590550076DB29 /* Release */,
			);
			defaultConfigurationIsVisible = 0;
			defaultConfigurationName = Release;
		};
		88C144C21E1590550076DB29 /* Build configuration list for PBXNativeTarget "Texas Ribs LoneStarClub" */ = {
			isa = XCConfigurationList;
			buildConfigurations = (
				88C144C31E1590550076DB29 /* Debug */,
				88C144C41E1590550076DB29 /* Release */,
			);
			defaultConfigurationIsVisible = 0;
			defaultConfigurationName = Release;
		};
/* End XCConfigurationList section */
	};
	rootObject = 88C144A81E1590550076DB29 /* Project object */;
}
